
Microsoft Visual Studio Solution File, Format Version 12.00
# Visual Studio Version 17
VisualStudioVersion = 17.13.35931.197 d17.13
MinimumVisualStudioVersion = 10.0.40219.1
Project("{E24C65DC-7377-472B-9ABA-BC803B73C61A}") = "ilkwebsite", "ilkwebsite\", "{089B3D4C-CC65-FE87-FACF-7D3B083FB27C}"
	ProjectSection(WebsiteProperties) = preProject
		TargetFrameworkMoniker = ".NETFramework,Version%3Dv4.8.1"
		Debug.AspNetCompiler.VirtualPath = "/localhost_50354"
		Debug.AspNetCompiler.PhysicalPath = "ilkwebsite\"
		Debug.AspNetCompiler.TargetPath = "PrecompiledWeb\localhost_50354\"
		Debug.AspNetCompiler.Updateable = "true"
		Debug.AspNetCompiler.ForceOverwrite = "true"
		Debug.AspNetCompiler.FixedNames = "false"
		Debug.AspNetCompiler.Debug = "True"
		Release.AspNetCompiler.VirtualPath = "/localhost_50354"
		Release.AspNetCompiler.PhysicalPath = "ilkwebsite\"
		Release.AspNetCompiler.TargetPath = "PrecompiledWeb\localhost_50354\"
		Release.AspNetCompiler.Updateable = "true"
		Release.AspNetCompiler.ForceOverwrite = "true"
		Release.AspNetCompiler.FixedNames = "false"
		Release.AspNetCompiler.Debug = "False"
		VWDPort = "50354"
		SlnRelativePath = "ilkwebsite\"
		DefaultWebSiteLanguage = "Visual C#"
	EndProjectSection
EndProject
Global
	GlobalSection(SolutionConfigurationPlatforms) = preSolution
		Debug|Any CPU = Debug|Any CPU
	EndGlobalSection
	GlobalSection(ProjectConfigurationPlatforms) = postSolution
		{089B3D4C-CC65-FE87-FACF-7D3B083FB27C}.Debug|Any CPU.ActiveCfg = Debug|Any CPU
		{089B3D4C-CC65-FE87-FACF-7D3B083FB27C}.Debug|Any CPU.Build.0 = Debug|Any CPU
	EndGlobalSection
	GlobalSection(SolutionProperties) = preSolution
		HideSolutionNode = FALSE
	EndGlobalSection
	GlobalSection(ExtensibilityGlobals) = postSolution
		SolutionGuid = {AF9942B3-9974-41B5-82B1-1F4085A83577}
	EndGlobalSection
EndGlobal
